// !$*UTF8*$!
{
	archiveVersion = 1;
	classes = {
	};
	objectVersion = 46;
	objects = {

/* Begin PBXBuildFile section */
		A860D9E31B20150F0072E113 /* InitialViewController.m in Sources */ = {isa = PBXBuildFile; fileRef = A860D9E21B20150F0072E113 /* InitialViewController.m */; };
		A8EF49FA1B15A90A0055DBF8 /* main.m in Sources */ = {isa = PBXBuildFile; fileRef = A8EF49F91B15A90A0055DBF8 /* main.m */; };
		A8EF49FD1B15A90A0055DBF8 /* AppDelegate.m in Sources */ = {isa = PBXBuildFile; fileRef = A8EF49FC1B15A90A0055DBF8 /* AppDelegate.m */; };
		A8EF4A001B15A90A0055DBF8 /* DrawerViewController.m in Sources */ = {isa = PBXBuildFile; fileRef = A8EF49FF1B15A90A0055DBF8 /* DrawerViewController.m */; };
		A8EF4A031B15A90A0055DBF8 /* Main.storyboard in Resources */ = {isa = PBXBuildFile; fileRef = A8EF4A011B15A90A0055DBF8 /* Main.storyboard */; };
		A8EF4A051B15A90A0055DBF8 /* Images.xcassets in Resources */ = {isa = PBXBuildFile; fileRef = A8EF4A041B15A90A0055DBF8 /* Images.xcassets */; };
		A8EF4A081B15A90A0055DBF8 /* LaunchScreen.xib in Resources */ = {isa = PBXBuildFile; fileRef = A8EF4A061B15A90A0055DBF8 /* LaunchScreen.xib */; };
		A8EF4A141B15A90A0055DBF8 /* drawerTests.m in Sources */ = {isa = PBXBuildFile; fileRef = A8EF4A131B15A90A0055DBF8 /* drawerTests.m */; };
/* End PBXBuildFile section */

/* Begin PBXContainerItemProxy section */
		A8EF4A0E1B15A90A0055DBF8 /* PBXContainerItemProxy */ = {
			isa = PBXContainerItemProxy;
			containerPortal = A8EF49EC1B15A90A0055DBF8 /* Project object */;
			proxyType = 1;
			remoteGlobalIDString = A8EF49F31B15A90A0055DBF8;
			remoteInfo = drawer;
		};
/* End PBXContainerItemProxy section */

/* Begin PBXFileReference section */
		A860D9E11B20150F0072E113 /* InitialViewController.h */ = {isa = PBXFileReference; fileEncoding = 4; lastKnownFileType = sourcecode.c.h; path = InitialViewController.h; sourceTree = "<group>"; };
		A860D9E21B20150F0072E113 /* InitialViewController.m */ = {isa = PBXFileReference; fileEncoding = 4; lastKnownFileType = sourcecode.c.objc; path = InitialViewController.m; sourceTree = "<group>"; };
		A8EF49F41B15A90A0055DBF8 /* drawer.app */ = {isa = PBXFileReference; explicitFileType = wrapper.application; includeInIndex = 0; path = drawer.app; sourceTree = BUILT_PRODUCTS_DIR; };
		A8EF49F81B15A90A0055DBF8 /* Info.plist */ = {isa = PBXFileReference; lastKnownFileType = text.plist.xml; path = Info.plist; sourceTree = "<group>"; };
		A8EF49F91B15A90A0055DBF8 /* main.m */ = {isa = PBXFileReference; lastKnownFileType = sourcecode.c.objc; path = main.m; sourceTree = "<group>"; };
		A8EF49FB1B15A90A0055DBF8 /* AppDelegate.h */ = {isa = PBXFileReference; lastKnownFileType = sourcecode.c.h; path = AppDelegate.h; sourceTree = "<group>"; };
		A8EF49FC1B15A90A0055DBF8 /* AppDelegate.m */ = {isa = PBXFileReference; lastKnownFileType = sourcecode.c.objc; path = AppDelegate.m; sourceTree = "<group>"; };
		A8EF49FE1B15A90A0055DBF8 /* DrawerViewController.h */ = {isa = PBXFileReference; lastKnownFileType = sourcecode.c.h; path = DrawerViewController.h; sourceTree = "<group>"; };
		A8EF49FF1B15A90A0055DBF8 /* DrawerViewController.m */ = {isa = PBXFileReference; lastKnownFileType = sourcecode.c.objc; path = DrawerViewController.m; sourceTree = "<group>"; };
		A8EF4A021B15A90A0055DBF8 /* Base */ = {isa = PBXFileReference; lastKnownFileType = file.storyboard; name = Base; path = Base.lproj/Main.storyboard; sourceTree = "<group>"; };
		A8EF4A041B15A90A0055DBF8 /* Images.xcassets */ = {isa = PBXFileReference; lastKnownFileType = folder.assetcatalog; path = Images.xcassets; sourceTree = "<group>"; };
		A8EF4A071B15A90A0055DBF8 /* Base */ = {isa = PBXFileReference; lastKnownFileType = file.xib; name = Base; path = Base.lproj/LaunchScreen.xib; sourceTree = "<group>"; };
		A8EF4A0D1B15A90A0055DBF8 /* drawerTests.xctest */ = {isa = PBXFileReference; explicitFileType = wrapper.cfbundle; includeInIndex = 0; path = drawerTests.xctest; sourceTree = BUILT_PRODUCTS_DIR; };
		A8EF4A121B15A90A0055DBF8 /* Info.plist */ = {isa = PBXFileReference; lastKnownFileType = text.plist.xml; path = Info.plist; sourceTree = "<group>"; };
		A8EF4A131B15A90A0055DBF8 /* drawerTests.m */ = {isa = PBXFileReference; lastKnownFileType = sourcecode.c.objc; path = drawerTests.m; sourceTree = "<group>"; };
/* End PBXFileReference section */

/* Begin PBXFrameworksBuildPhase section */
		A8EF49F11B15A90A0055DBF8 /* Frameworks */ = {
			isa = PBXFrameworksBuildPhase;
			buildActionMask = 2147483647;
			files = (
			);
			runOnlyForDeploymentPostprocessing = 0;
		};
		A8EF4A0A1B15A90A0055DBF8 /* Frameworks */ = {
			isa = PBXFrameworksBuildPhase;
			buildActionMask = 2147483647;
			files = (
			);
			runOnlyForDeploymentPostprocessing = 0;
		};
/* End PBXFrameworksBuildPhase section */

/* Begin PBXGroup section */
		A8EF49EB1B15A90A0055DBF8 = {
			isa = PBXGroup;
			children = (
				A8EF49F61B15A90A0055DBF8 /* drawer */,
				A8EF4A101B15A90A0055DBF8 /* drawerTests */,
				A8EF49F51B15A90A0055DBF8 /* Products */,
			);
			sourceTree = "<group>";
		};
		A8EF49F51B15A90A0055DBF8 /* Products */ = {
			isa = PBXGroup;
			children = (
				A8EF49F41B15A90A0055DBF8 /* drawer.app */,
				A8EF4A0D1B15A90A0055DBF8 /* drawerTests.xctest */,
			);
			name = Products;
			sourceTree = "<group>";
		};
		A8EF49F61B15A90A0055DBF8 /* drawer */ = {
			isa = PBXGroup;
			children = (
				A8EF49FB1B15A90A0055DBF8 /* AppDelegate.h */,
				A8EF49FC1B15A90A0055DBF8 /* AppDelegate.m */,
				A860D9E11B20150F0072E113 /* InitialViewController.h */,
				A860D9E21B20150F0072E113 /* InitialViewController.m */,
				A8EF49FE1B15A90A0055DBF8 /* DrawerViewController.h */,
				A8EF49FF1B15A90A0055DBF8 /* DrawerViewController.m */,
				A8EF4A011B15A90A0055DBF8 /* Main.storyboard */,
				A8EF4A041B15A90A0055DBF8 /* Images.xcassets */,
				A8EF4A061B15A90A0055DBF8 /* LaunchScreen.xib */,
				A8EF49F71B15A90A0055DBF8 /* Supporting Files */,
			);
			path = drawer;
			sourceTree = "<group>";
		};
		A8EF49F71B15A90A0055DBF8 /* Supporting Files */ = {
			isa = PBXGroup;
			children = (
				A8EF49F81B15A90A0055DBF8 /* Info.plist */,
				A8EF49F91B15A90A0055DBF8 /* main.m */,
			);
			name = "Supporting Files";
			sourceTree = "<group>";
		};
		A8EF4A101B15A90A0055DBF8 /* drawerTests */ = {
			isa = PBXGroup;
			children = (
				A8EF4A131B15A90A0055DBF8 /* drawerTests.m */,
				A8EF4A111B15A90A0055DBF8 /* Supporting Files */,
			);
			path = drawerTests;
			sourceTree = "<group>";
		};
		A8EF4A111B15A90A0055DBF8 /* Supporting Files */ = {
			isa = PBXGroup;
			children = (
				A8EF4A121B15A90A0055DBF8 /* Info.plist */,
			);
			name = "Supporting Files";
			sourceTree = "<group>";
		};
/* End PBXGroup section */

/* Begin PBXNativeTarget section */
		A8EF49F31B15A90A0055DBF8 /* drawer */ = {
			isa = PBXNativeTarget;
			buildConfigurationList = A8EF4A171B15A90A0055DBF8 /* Build configuration list for PBXNativeTarget "drawer" */;
			buildPhases = (
				A8EF49F01B15A90A0055DBF8 /* Sources */,
				A8EF49F11B15A90A0055DBF8 /* Frameworks */,
				A8EF49F21B15A90A0055DBF8 /* Resources */,
			);
			buildRules = (
			);
			dependencies = (
			);
			name = drawer;
			productName = drawer;
			productReference = A8EF49F41B15A90A0055DBF8 /* drawer.app */;
			productType = "com.apple.product-type.application";
		};
		A8EF4A0C1B15A90A0055DBF8 /* drawerTests */ = {
			isa = PBXNativeTarget;
			buildConfigurationList = A8EF4A1A1B15A90A0055DBF8 /* Build configuration list for PBXNativeTarget "drawerTests" */;
			buildPhases = (
				A8EF4A091B15A90A0055DBF8 /* Sources */,
				A8EF4A0A1B15A90A0055DBF8 /* Frameworks */,
				A8EF4A0B1B15A90A0055DBF8 /* Resources */,
			);
			buildRules = (
			);
			dependencies = (
				A8EF4A0F1B15A90A0055DBF8 /* PBXTargetDependency */,
			);
			name = drawerTests;
			productName = drawerTests;
			productReference = A8EF4A0D1B15A90A0055DBF8 /* drawerTests.xctest */;
			productType = "com.apple.product-type.bundle.unit-test";
		};
/* End PBXNativeTarget section */

/* Begin PBXProject section */
		A8EF49EC1B15A90A0055DBF8 /* Project object */ = {
			isa = PBXProject;
			attributes = {
				LastUpgradeCheck = 0630;
				ORGANIZATIONNAME = Mayank;
				TargetAttributes = {
					A8EF49F31B15A90A0055DBF8 = {
						CreatedOnToolsVersion = 6.3;
					};
					A8EF4A0C1B15A90A0055DBF8 = {
						CreatedOnToolsVersion = 6.3;
						TestTargetID = A8EF49F31B15A90A0055DBF8;
					};
				};
			};
			buildConfigurationList = A8EF49EF1B15A90A0055DBF8 /* Build configuration list for PBXProject "drawer" */;
			compatibilityVersion = "Xcode 3.2";
			developmentRegion = English;
			hasScannedForEncodings = 0;
			knownRegions = (
				en,
				Base,
			);
			mainGroup = A8EF49EB1B15A90A0055DBF8;
			productRefGroup = A8EF49F51B15A90A0055DBF8 /* Products */;
			projectDirPath = "";
			projectRoot = "";
			targets = (
				A8EF49F31B15A90A0055DBF8 /* drawer */,
				A8EF4A0C1B15A90A0055DBF8 /* drawerTests */,
			);
		};
/* End PBXProject section */

/* Begin PBXResourcesBuildPhase section */
		A8EF49F21B15A90A0055DBF8 /* Resources */ = {
			isa = PBXResourcesBuildPhase;
			buildActionMask = 2147483647;
			files = (
				A8EF4A031B15A90A0055DBF8 /* Main.storyboard in Resources */,
				A8EF4A081B15A90A0055DBF8 /* LaunchScreen.xib in Resources */,
				A8EF4A051B15A90A0055DBF8 /* Images.xcassets in Resources */,
			);
			runOnlyForDeploymentPostprocessing = 0;
		};
		A8EF4A0B1B15A90A0055DBF8 /* Resources */ = {
			isa = PBXResourcesBuildPhase;
			buildActionMask = 2147483647;
			files = (
			);
			runOnlyForDeploymentPostprocessing = 0;
		};
/* End PBXResourcesBuildPhase section */

/* Begin PBXSourcesBuildPhase section */
		A8EF49F01B15A90A0055DBF8 /* Sources */ = {
			isa = PBXSourcesBuildPhase;
			buildActionMask = 2147483647;
			files = (
				A8EF4A001B15A90A0055DBF8 /* DrawerViewController.m in Sources */,
				A8EF49FD1B15A90A0055DBF8 /* AppDelegate.m in Sources */,
				A8EF49FA1B15A90A0055DBF8 /* main.m in Sources */,
				A860D9E31B20150F0072E113 /* InitialViewController.m in Sources */,
			);
			runOnlyForDeploymentPostprocessing = 0;
		};
		A8EF4A091B15A90A0055DBF8 /* Sources */ = {
			isa = PBXSourcesBuildPhase;
			buildActionMask = 2147483647;
			files = (
				A8EF4A141B15A90A0055DBF8 /* drawerTests.m in Sources */,
			);
			runOnlyForDeploymentPostprocessing = 0;
		};
/* End PBXSourcesBuildPhase section */

/* Begin PBXTargetDependency section */
		A8EF4A0F1B15A90A0055DBF8 /* PBXTargetDependency */ = {
			isa = PBXTargetDependency;
			target = A8EF49F31B15A90A0055DBF8 /* drawer */;
			targetProxy = A8EF4A0E1B15A90A0055DBF8 /* PBXContainerItemProxy */;
		};
/* End PBXTargetDependency section */

/* Begin PBXVariantGroup section */
		A8EF4A011B15A90A0055DBF8 /* Main.storyboard */ = {
			isa = PBXVariantGroup;
			children = (
				A8EF4A021B15A90A0055DBF8 /* Base */,
			);
			name = Main.storyboard;
			sourceTree = "<group>";
		};
		A8EF4A061B15A90A0055DBF8 /* LaunchScreen.xib */ = {
			isa = PBXVariantGroup;
			children = (
				A8EF4A071B15A90A0055DBF8 /* Base */,
			);
			name = LaunchScreen.xib;
			sourceTree = "<group>";
		};
/* End PBXVariantGroup section */

/* Begin XCBuildConfiguration section */
		A8EF4A151B15A90A0055DBF8 /* Debug */ = {
			isa = XCBuildConfiguration;
			buildSettings = {
				ALWAYS_SEARCH_USER_PATHS = NO;
				CLANG_CXX_LANGUAGE_STANDARD = "gnu++0x";
				CLANG_CXX_LIBRARY = "libc++";
				CLANG_ENABLE_MODULES = YES;
				CLANG_ENABLE_OBJC_ARC = YES;
				CLANG_WARN_BOOL_CONVERSION = YES;
				CLANG_WARN_CONSTANT_CONVERSION = YES;
				CLANG_WARN_DIRECT_OBJC_ISA_USAGE = YES_ERROR;
				CLANG_WARN_EMPTY_BODY = YES;
				CLANG_WARN_ENUM_CONVERSION = YES;
				CLANG_WARN_INT_CONVERSION = YES;
				CLANG_WARN_OBJC_ROOT_CLASS = YES_ERROR;
				CLANG_WARN_UNREACHABLE_CODE = YES;
				CLANG_WARN__DUPLICATE_METHOD_MATCH = YES;
				"CODE_SIGN_IDENTITY[sdk=iphoneos*]" = "iPhone Developer";
				COPY_PHASE_STRIP = NO;
				DEBUG_INFORMATION_FORMAT = "dwarf-with-dsym";
				ENABLE_STRICT_OBJC_MSGSEND = YES;
				GCC_C_LANGUAGE_STANDARD = gnu99;
				GCC_DYNAMIC_NO_PIC = NO;
				GCC_NO_COMMON_BLOCKS = YES;
				GCC_OPTIMIZATION_LEVEL = 0;
				GCC_PREPROCESSOR_DEFINITIONS = (
					"DEBUG=1",
					"$(inherited)",
				);
				GCC_SYMBOLS_PRIVATE_EXTERN = NO;
				GCC_WARN_64_TO_32_BIT_CONVERSION = YES;
				GCC_WARN_ABOUT_RETURN_TYPE = YES_ERROR;
				GCC_WARN_UNDECLARED_SELECTOR = YES;
				GCC_WARN_UNINITIALIZED_AUTOS = YES_AGGRESSIVE;
				GCC_WARN_UNUSED_FUNCTION = YES;
				GCC_WARN_UNUSED_VARIABLE = YES;
				IPHONEOS_DEPLOYMENT_TARGET = 8.3;
				MTL_ENABLE_DEBUG_INFO = YES;
				ONLY_ACTIVE_ARCH = YES;
				SDKROOT = iphoneos;
				TARGETED_DEVICE_FAMILY = "1,2";
			};
			name = Debug;
		};
		A8EF4A161B15A90A0055DBF8 /* Release */ = {
			isa = XCBuildConfiguration;
			buildSettings = {
				ALWAYS_SEARCH_USER_PATHS = NO;
				CLANG_CXX_LANGUAGE_STANDARD = "gnu++0x";
				CLANG_CXX_LIBRARY = "libc++";
				CLANG_ENABLE_MODULES = YES;
				CLANG_ENABLE_OBJC_ARC = YES;
				CLANG_WARN_BOOL_CONVERSION = YES;
				CLANG_WARN_CONSTANT_CONVERSION = YES;
				CLANG_WARN_DIRECT_OBJC_ISA_USAGE = YES_ERROR;
				CLANG_WARN_EMPTY_BODY = YES;
				CLANG_WARN_ENUM_CONVERSION = YES;
				CLANG_WARN_INT_CONVERSION = YES;
				CLANG_WARN_OBJC_ROOT_CLASS = YES_ERROR;
				CLANG_WARN_UNREACHABLE_CODE = YES;
				CLANG_WARN__DUPLICATE_METHOD_MATCH = YES;
				"CODE_SIGN_IDENTITY[sdk=iphoneos*]" = "iPhone Developer";
				COPY_PHASE_STRIP = NO;
				DEBUG_INFORMATION_FORMAT = "dwarf-with-dsym";
				ENABLE_NS_ASSERTIONS = NO;
				ENABLE_STRICT_OBJC_MSGSEND = YES;
				GCC_C_LANGUAGE_STANDARD = gnu99;
				GCC_NO_COMMON_BLOCKS = YES;
				GCC_WARN_64_TO_32_BIT_CONVERSION = YES;
				GCC_WARN_ABOUT_RETURN_TYPE = YES_ERROR;
				GCC_WARN_UNDECLARED_SELECTOR = YES;
				GCC_WARN_UNINITIALIZED_AUTOS = YES_AGGRESSIVE;
				GCC_WARN_UNUSED_FUNCTION = YES;
				GCC_WARN_UNUSED_VARIABLE = YES;
				IPHONEOS_DEPLOYMENT_TARGET = 8.3;
				MTL_ENABLE_DEBUG_INFO = NO;
				SDKROOT = iphoneos;
				TARGETED_DEVICE_FAMILY = "1,2";
				VALIDATE_PRODUCT = YES;
			};
			name = Release;
		};
		A8EF4A181B15A90A0055DBF8 /* Debug */ = {
			isa = XCBuildConfiguration;
			buildSettings = {
				ASSETCATALOG_COMPILER_APPICON_NAME = AppIcon;
				INFOPLIST_FILE = drawer/Info.plist;
				LD_RUNPATH_SEARCH_PATHS = "$(inherited) @executable_path/Frameworks";
				PRODUCT_NAME = "$(TARGET_NAME)";
			};
			name = Debug;
		};
		A8EF4A191B15A90A0055DBF8 /* Release */ = {
			isa = XCBuildConfiguration;
			buildSettings = {
				ASSETCATALOG_COMPILER_APPICON_NAME = AppIcon;
				INFOPLIST_FILE = drawer/Info.plist;
				LD_RUNPATH_SEARCH_PATHS = "$(inherited) @executable_path/Frameworks";
				PRODUCT_NAME = "$(TARGET_NAME)";
			};
			name = Release;
		};
		A8EF4A1B1B15A90A0055DBF8 /* Debug */ = {
			isa = XCBuildConfiguration;
			buildSettings = {
				BUNDLE_LOADER = "$(TEST_HOST)";
				FRAMEWORK_SEARCH_PATHS = (
					"$(SDKROOT)/Developer/Library/Frameworks",
					"$(inherited)",
				);
				GCC_PREPROCESSOR_DEFINITIONS = (
					"DEBUG=1",
					"$(inherited)",
				);
				INFOPLIST_FILE = drawerTests/Info.plist;
				LD_RUNPATH_SEARCH_PATHS = "$(inherited) @executable_path/Frameworks @loader_path/Frameworks";
				PRODUCT_NAME = "$(TARGET_NAME)";
				TEST_HOST = "$(BUILT_PRODUCTS_DIR)/drawer.app/drawer";
			};
			name = Debug;
		};
		A8EF4A1C1B15A90A0055DBF8 /* Release */ = {
			isa = XCBuildConfiguration;
			buildSettings = {
				BUNDLE_LOADER = "$(TEST_HOST)";
				FRAMEWORK_SEARCH_PATHS = (
					"$(SDKROOT)/Developer/Library/Frameworks",
					"$(inherited)",
				);
				INFOPLIST_FILE = drawerTests/Info.plist;
				LD_RUNPATH_SEARCH_PATHS = "$(inherited) @executable_path/Frameworks @loader_path/Frameworks";
				PRODUCT_NAME = "$(TARGET_NAME)";
				TEST_HOST = "$(BUILT_PRODUCTS_DIR)/drawer.app/drawer";
			};
			name = Release;
		};
/* End XCBuildConfiguration section */

/* Begin XCConfigurationList section */
		A8EF49EF1B15A90A0055DBF8 /* Build configuration list for PBXProject "drawer" */ = {
			isa = XCConfigurationList;
			buildConfigurations = (
				A8EF4A151B15A90A0055DBF8 /* Debug */,
				A8EF4A161B15A90A0055DBF8 /* Release */,
			);
			defaultConfigurationIsVisible = 0;
			defaultConfigurationName = Release;
		};
		A8EF4A171B15A90A0055DBF8 /* Build configuration list for PBXNativeTarget "drawer" */ = {
			isa = XCConfigurationList;
			buildConfigurations = (
				A8EF4A181B15A90A0055DBF8 /* Debug */,
				A8EF4A191B15A90A0055DBF8 /* Release */,
			);
			defaultConfigurationIsVisible = 0;
			defaultConfigurationName = Release;
		};
		A8EF4A1A1B15A90A0055DBF8 /* Build configuration list for PBXNativeTarget "drawerTests" */ = {
			isa = XCConfigurationList;
			buildConfigurations = (
				A8EF4A1B1B15A90A0055DBF8 /* Debug */,
				A8EF4A1C1B15A90A0055DBF8 /* Release */,
			);
			defaultConfigurationIsVisible = 0;
			defaultConfigurationName = Release;
		};
/* End XCConfigurationList section */
	};
	rootObject = A8EF49EC1B15A90A0055DBF8 /* Project object */;
}
